
Microsoft Visual Studio Solution File, Format Version 12.00
# Visual Studio 15
VisualStudioVersion = 15.0.27004.2008
MinimumVisualStudioVersion = 10.0.40219.1
Project("{9A19103F-16F7-4668-BE54-9A1E7A4F7556}") = "consApp1", "consApp1\consApp1.csproj", "{F8F2D9BD-E0E4-4AF7-BFF1-62A290A03148}"
EndProject
Project("{FAE04EC0-301F-11D3-BF4B-00C04F79EFBC}") = "hw01-onetoOne", "hw01\hw01-onetoOne.csproj", "{D022A3FF-A025-47EF-BB0B-1738FFA681DF}"
EndProject
Project("{FAE04EC0-301F-11D3-BF4B-00C04F79EFBC}") = "selfRef", "selfRef\selfRef.csproj", "{4495A3C1-BC82-49B7-9F5A-8BC649A09B20}"
EndProject
Project("{FAE04EC0-301F-11D3-BF4B-00C04F79EFBC}") = "manyToMany", "manyToMany\manyToMany.csproj", "{A1B92508-D972-4940-BB9B-F3C727C78B2B}"
EndProject
Global
	GlobalSection(SolutionConfigurationPlatforms) = preSolution
		Debug|Any CPU = Debug|Any CPU
		Release|Any CPU = Release|Any CPU
	EndGlobalSection
	GlobalSection(ProjectConfigurationPlatforms) = postSolution
		{F8F2D9BD-E0E4-4AF7-BFF1-62A290A03148}.Debug|Any CPU.ActiveCfg = Debug|Any CPU
		{F8F2D9BD-E0E4-4AF7-BFF1-62A290A03148}.Debug|Any CPU.Build.0 = Debug|Any CPU
		{F8F2D9BD-E0E4-4AF7-BFF1-62A290A03148}.Release|Any CPU.ActiveCfg = Release|Any CPU
		{F8F2D9BD-E0E4-4AF7-BFF1-62A290A03148}.Release|Any CPU.Build.0 = Release|Any CPU
		{D022A3FF-A025-47EF-BB0B-1738FFA681DF}.Debug|Any CPU.ActiveCfg = Debug|Any CPU
		{D022A3FF-A025-47EF-BB0B-1738FFA681DF}.Debug|Any CPU.Build.0 = Debug|Any CPU
		{D022A3FF-A025-47EF-BB0B-1738FFA681DF}.Release|Any CPU.ActiveCfg = Release|Any CPU
		{D022A3FF-A025-47EF-BB0B-1738FFA681DF}.Release|Any CPU.Build.0 = Release|Any CPU
		{4495A3C1-BC82-49B7-9F5A-8BC649A09B20}.Debug|Any CPU.ActiveCfg = Debug|Any CPU
		{4495A3C1-BC82-49B7-9F5A-8BC649A09B20}.Debug|Any CPU.Build.0 = Debug|Any CPU
		{4495A3C1-BC82-49B7-9F5A-8BC649A09B20}.Release|Any CPU.ActiveCfg = Release|Any CPU
		{4495A3C1-BC82-49B7-9F5A-8BC649A09B20}.Release|Any CPU.Build.0 = Release|Any CPU
		{A1B92508-D972-4940-BB9B-F3C727C78B2B}.Debug|Any CPU.ActiveCfg = Debug|Any CPU
		{A1B92508-D972-4940-BB9B-F3C727C78B2B}.Debug|Any CPU.Build.0 = Debug|Any CPU
		{A1B92508-D972-4940-BB9B-F3C727C78B2B}.Release|Any CPU.ActiveCfg = Release|Any CPU
		{A1B92508-D972-4940-BB9B-F3C727C78B2B}.Release|Any CPU.Build.0 = Release|Any CPU
	EndGlobalSection
	GlobalSection(SolutionProperties) = preSolution
		HideSolutionNode = FALSE
	EndGlobalSection
	GlobalSection(ExtensibilityGlobals) = postSolution
		SolutionGuid = {BDE45395-1E28-499D-A38B-7D088210D654}
	EndGlobalSection
EndGlobal
